
Microsoft Visual Studio Solution File, Format Version 12.00
# Visual Studio 15
VisualStudioVersion = 15.0.27130.2010
MinimumVisualStudioVersion = 10.0.40219.1
Project("{FAE04EC0-301F-11D3-BF4B-00C04F79EFBC}") = "WebApp", "WebApp\WebApp.csproj", "{45E427F7-1930-4B14-A8E2-A39D4F992E55}"
EndProject
Global
	GlobalSection(SolutionConfigurationPlatforms) = preSolution
		Debug|Any CPU = Debug|Any CPU
		Release|Any CPU = Release|Any CPU
	EndGlobalSection
	GlobalSection(ProjectConfigurationPlatforms) = postSolution
		{45E427F7-1930-4B14-A8E2-A39D4F992E55}.Debug|Any CPU.ActiveCfg = Debug|Any CPU
		{45E427F7-1930-4B14-A8E2-A39D4F992E55}.Debug|Any CPU.Build.0 = Debug|Any CPU
		{45E427F7-1930-4B14-A8E2-A39D4F992E55}.Release|Any CPU.ActiveCfg = Release|Any CPU
		{45E427F7-1930-4B14-A8E2-A39D4F992E55}.Release|Any CPU.Build.0 = Release|Any CPU
	EndGlobalSection
	GlobalSection(SolutionProperties) = preSolution
		HideSolutionNode = FALSE
	EndGlobalSection
	GlobalSection(ExtensibilityGlobals) = postSolution
		SolutionGuid = {D7499609-C6FF-4F93-893D-24A86814C49D}
	EndGlobalSection
EndGlobal
